{
  "name": "CRM",
  "lockfileVersion": 3,
  "requires": true,
  "packages": {
    "": {
      "dependencies": {
        "@fontsource-variable/geist": "^5.3.0",
        "@fontsource-variable/inter": "^5.3.0",
        "clsx": "^2.1.1",
        "framer-motion": "^13.4.0",
        "lucide-react": "^1.47.0",
        "tailwind-merge": "^3.7.0",
        "tailwindcss-animate": "^1.0.7"
      }
    },
    "node_modules/@fontsource-variable/geist": {
      "version": "5.3.0",
      "resolved": "https://registry.npmjs.org/@fontsource-variable/geist/-/geist-5.3.0.tgz",
      "integrity": "sha512-j0m+vLQuG5XAYoHtGCVu0spvlGreR3EzpECUVzkFmI1mTVnAO38l/NEPDCFgZ177JxzYJCLSmTQibIiYPilGrA==",
      "license": "OFL-1.1",
      "funding": {
        "url": "https://github.com/sponsors/ayuhito"
      }
    },
    "node_modules/@fontsource-variable/inter": {
      "version": "5.3.0",
      "resolved": "https://registry.npmjs.org/@fontsource-variable/inter/-/inter-5.3.0.tgz",
      "integrity": "sha512-OupL48va4JNofb97w6NYeF9S7W/kHNKM0Er8Dem5nqi4jeOLrVJDoE8tZEpnMJmtkvNbB1EIPPwHcdkF6b1oUA==",
      "license": "OFL-1.1",
      "funding": {
        "url": "https://github.com/sponsors/ayuhito"
      }
    },
    "node_modules/clsx": {
      "version": "2.1.1",
      "resolved": "https://registry.npmjs.org/clsx/-/clsx-2.1.1.tgz",
      "integrity": "sha512-eYm0QWBtUrBWZWG0d386OGAw16Z995PiOVo2B7bjWSbHedGl5e0ZWaq65kOGgUSNesEIDkB9ISbTg/JK9dhCZA==",
      "license": "MIT",
      "engines": {
        "node": ">=6"
      }
    },
    "node_modules/framer-motion": {
      "version": "13.4.0",
      "resolved": "https://registry.npmjs.org/framer-motion/-/framer-motion-13.4.0.tgz",
      "integrity": "sha512-HCpqKM9BTu6UYKtj0u6J1QNxojnnirNcghcSDZ+SkpiL3myxvtsgXPS3ZGEELC2eSma7YiA937rAEXtRyydSXQ==",
      "license": "MIT",
      "dependencies": {
        "motion-dom": "^13.3.0",
        "motion-utils": "^13.3.0",
        "tslib": "^2.4.0"
      },
      "peerDependencies": {
        "react": "^18.0.0 || ^19.0.0",
        "react-dom": "^18.0.0 || ^19.0.0"
      },
      "peerDependenciesMeta": {
        "react": {
          "optional": true
        },
        "react-dom": {
          "optional": true
        }
      }
    },
    "node_modules/lucide-react": {
      "version": "1.47.0",
      "resolved": "https://registry.npmjs.org/lucide-react/-/lucide-react-1.47.0.tgz",
      "integrity": "sha512-o8C23aXpNQypRY73W7fW02EyvWJinEMXgKeGjFoKym0zj3Q73hD97A1IQps1g8C14HTGsOpZL0Am+xjfgFZAbg==",
      "license": "ISC",
      "peerDependencies": {
        "react": "^16.5.1 || ^17.0.0 || ^18.0.0 || ^19.0.0"
      }
    },
    "node_modules/motion-dom": {
      "version": "13.3.0",
      "resolved": "https://registry.npmjs.org/motion-dom/-/motion-dom-13.3.0.tgz",
      "integrity": "sha512-AmAnB6pHdZ1vHGzWzuzteG6Q3j1lHKeX/lbST6jGlgm0cjvLUgaCk1xhOuPMOy5SgovN6wnnUdwFrkcsus7Ftg==",
      "license": "MIT",
      "dependencies": {
        "motion-utils": "^13.3.0"
      }
    },
    "node_modules/motion-utils": {
      "version": "13.3.0",
      "resolved": "https://registry.npmjs.org/motion-utils/-/motion-utils-13.3.0.tgz",
      "integrity": "sha512-sgSschQp7EseHInIlR7hBbMuvet3RA0bs28KPZAXJcGKGdxHGvh1ogpYDilY3bOMtl73EqPNmp75sAKHYPU5sg==",
      "license": "MIT"
    },
    "node_modules/react": {
      "version": "19.3.0",
      "resolved": "https://registry.npmjs.org/react/-/react-19.3.0.tgz",
      "integrity": "sha512-E8LUcbtBWt20bbl2YoHfx4ZDBdxVTfOKtCZn9cDSJ4l6/nuoApcpIBcj47t2wZoVX8g2ZHuMHbiShgCR1T5Sog==",
      "license": "MIT",
      "peer": true,
      "engines": {
        "node": ">=0.10.0"
      }
    },
    "node_modules/tailwind-merge": {
      "version": "3.7.0",
      "resolved": "https://registry.npmjs.org/tailwind-merge/-/tailwind-merge-3.7.0.tgz",
      "integrity": "sha512-XPPUyAc+cvspz3lHTcR/QgPfW2A0lv/xQNIjX3HGhLR+Nq2lHaLq5MtTesHn8GUr3W3DguT2KT5x3NVgRtYwmA==",
      "license": "MIT",
      "funding": {
        "type": "github",
        "url": "https://github.com/sponsors/dcastil"
      }
    },
    "node_modules/tailwindcss": {
      "version": "4.3.3",
      "resolved": "https://registry.npmjs.org/tailwindcss/-/tailwindcss-4.3.3.tgz",
      "integrity": "sha512-gOhV3P7ufE62QDGg1zVaTgCR+EtPv92k2nIhVcVKcLmxT1sUBsQGhnZj175j+MqRt4zLF7ic+sCYjfhxMxj7YQ==",
      "license": "MIT",
      "peer": true
    },
    "node_modules/tailwindcss-animate": {
      "version": "1.0.7",
      "resolved": "https://registry.npmjs.org/tailwindcss-animate/-/tailwindcss-animate-1.0.7.tgz",
      "integrity": "sha512-bl6mpH3T7I3UFxuvDEXLxy/VuFxBk5bbzplh7tXI68mwMokNYd1t9qPBHlnyTwfa4JGC4zP516I1hYYtQ/vspA==",
      "license": "MIT",
      "peerDependencies": {
        "tailwindcss": ">=3.0.0 || insiders"
      }
    },
    "node_modules/tslib": {
      "version": "2.8.1",
      "resolved": "https://registry.npmjs.org/tslib/-/tslib-2.8.1.tgz",
      "integrity": "sha512-oJFu94HQb+KVduSUQL7wnpmqnfmLsOA/nAh6b6EH0wCEoK0/mPeXU6c3wKDV83MkOuHPRHtSXKKU99IBazS/2w==",
      "license": "0BSD"
    }
  }
}
